// !$*UTF8*$!
{
	archiveVersion = 1;
	classes = {
	};
	objectVersion = 55;
	objects = {

/* Begin PBXBuildFile section */
		AA43CCD427E806EC001DA0F1 /* MidtermCSC416App.swift in Sources */ = {isa = PBXBuildFile; fileRef = AA43CCD327E806EC001DA0F1 /* MidtermCSC416App.swift */; };
		AA43CCD627E806EC001DA0F1 /* ContentView.swift in Sources */ = {isa = PBXBuildFile; fileRef = AA43CCD527E806EC001DA0F1 /* ContentView.swift */; };
		AA43CCD827E806EE001DA0F1 /* Assets.xcassets in Resources */ = {isa = PBXBuildFile; fileRef = AA43CCD727E806EE001DA0F1 /* Assets.xcassets */; };
		AA43CCDB27E806EE001DA0F1 /* Preview Assets.xcassets in Resources */ = {isa = PBXBuildFile; fileRef = AA43CCDA27E806EE001DA0F1 /* Preview Assets.xcassets */; };
		AA43CCE527E80F29001DA0F1 /* SimpleToDoModel.xcdatamodeld in Sources */ = {isa = PBXBuildFile; fileRef = AA43CCE327E80F29001DA0F1 /* SimpleToDoModel.xcdatamodeld */; };
		AA43CCE827E8128A001DA0F1 /* CoreDataManager.swift in Sources */ = {isa = PBXBuildFile; fileRef = AA43CCE727E8128A001DA0F1 /* CoreDataManager.swift */; };
		AA9D37B027F2092A00BC156B /* Splash.storyboard in Resources */ = {isa = PBXBuildFile; fileRef = AA9D37AF27F2092A00BC156B /* Splash.storyboard */; };
/* End PBXBuildFile section */

/* Begin PBXFileReference section */
		AA43CCD027E806EC001DA0F1 /* Reminds.app */ = {isa = PBXFileReference; explicitFileType = wrapper.application; includeInIndex = 0; path = Reminds.app; sourceTree = BUILT_PRODUCTS_DIR; };
		AA43CCD327E806EC001DA0F1 /* MidtermCSC416App.swift */ = {isa = PBXFileReference; lastKnownFileType = sourcecode.swift; path = MidtermCSC416App.swift; sourceTree = "<group>"; };
		AA43CCD527E806EC001DA0F1 /* ContentView.swift */ = {isa = PBXFileReference; lastKnownFileType = sourcecode.swift; path = ContentView.swift; sourceTree = "<group>"; };
		AA43CCD727E806EE001DA0F1 /* Assets.xcassets */ = {isa = PBXFileReference; lastKnownFileType = folder.assetcatalog; path = Assets.xcassets; sourceTree = "<group>"; };
		AA43CCDA27E806EE001DA0F1 /* Preview Assets.xcassets */ = {isa = PBXFileReference; lastKnownFileType = folder.assetcatalog; path = "Preview Assets.xcassets"; sourceTree = "<group>"; };
		AA43CCE427E80F29001DA0F1 /* SimpleToDoModel.xcdatamodel */ = {isa = PBXFileReference; lastKnownFileType = wrapper.xcdatamodel; path = SimpleToDoModel.xcdatamodel; sourceTree = "<group>"; };
		AA43CCE727E8128A001DA0F1 /* CoreDataManager.swift */ = {isa = PBXFileReference; lastKnownFileType = sourcecode.swift; path = CoreDataManager.swift; sourceTree = "<group>"; };
		AA9D37AF27F2092A00BC156B /* Splash.storyboard */ = {isa = PBXFileReference; lastKnownFileType = file.storyboard; path = Splash.storyboard; sourceTree = "<group>"; };
/* End PBXFileReference section */

/* Begin PBXFrameworksBuildPhase section */
		AA43CCCD27E806EC001DA0F1 /* Frameworks */ = {
			isa = PBXFrameworksBuildPhase;
			buildActionMask = 2147483647;
			files = (
			);
			runOnlyForDeploymentPostprocessing = 0;
		};
/* End PBXFrameworksBuildPhase section */

/* Begin PBXGroup section */
		AA43CCC727E806EC001DA0F1 = {
			isa = PBXGroup;
			children = (
				AA43CCD227E806EC001DA0F1 /* MidtermCSC416 */,
				AA43CCD127E806EC001DA0F1 /* Products */,
			);
			sourceTree = "<group>";
		};
		AA43CCD127E806EC001DA0F1 /* Products */ = {
			isa = PBXGroup;
			children = (
				AA43CCD027E806EC001DA0F1 /* Reminds.app */,
			);
			name = Products;
			sourceTree = "<group>";
		};
		AA43CCD227E806EC001DA0F1 /* MidtermCSC416 */ = {
			isa = PBXGroup;
			children = (
				AA43CCE627E81268001DA0F1 /* Manager */,
				AA43CCD327E806EC001DA0F1 /* MidtermCSC416App.swift */,
				AA43CCD527E806EC001DA0F1 /* ContentView.swift */,
				AA43CCD727E806EE001DA0F1 /* Assets.xcassets */,
				AA43CCD927E806EE001DA0F1 /* Preview Content */,
				AA43CCE327E80F29001DA0F1 /* SimpleToDoModel.xcdatamodeld */,
				AA9D37AF27F2092A00BC156B /* Splash.storyboard */,
			);
			path = MidtermCSC416;
			sourceTree = "<group>";
		};
		AA43CCD927E806EE001DA0F1 /* Preview Content */ = {
			isa = PBXGroup;
			children = (
				AA43CCDA27E806EE001DA0F1 /* Preview Assets.xcassets */,
			);
			path = "Preview Content";
			sourceTree = "<group>";
		};
		AA43CCE627E81268001DA0F1 /* Manager */ = {
			isa = PBXGroup;
			children = (
				AA43CCE727E8128A001DA0F1 /* CoreDataManager.swift */,
			);
			path = Manager;
			sourceTree = "<group>";
		};
/* End PBXGroup section */

/* Begin PBXNativeTarget section */
		AA43CCCF27E806EC001DA0F1 /* MidtermCSC416 */ = {
			isa = PBXNativeTarget;
			buildConfigurationList = AA43CCDE27E806EE001DA0F1 /* Build configuration list for PBXNativeTarget "MidtermCSC416" */;
			buildPhases = (
				AA43CCCC27E806EC001DA0F1 /* Sources */,
				AA43CCCD27E806EC001DA0F1 /* Frameworks */,
				AA43CCCE27E806EC001DA0F1 /* Resources */,
			);
			buildRules = (
			);
			dependencies = (
			);
			name = MidtermCSC416;
			productName = MidtermCSC416;
			productReference = AA43CCD027E806EC001DA0F1 /* Reminds.app */;
			productType = "com.apple.product-type.application";
		};
/* End PBXNativeTarget section */

/* Begin PBXProject section */
		AA43CCC827E806EC001DA0F1 /* Project object */ = {
			isa = PBXProject;
			attributes = {
				BuildIndependentTargetsInParallel = 1;
				LastSwiftUpdateCheck = 1320;
				LastUpgradeCheck = 1320;
				TargetAttributes = {
					AA43CCCF27E806EC001DA0F1 = {
						CreatedOnToolsVersion = 13.2.1;
					};
				};
			};
			buildConfigurationList = AA43CCCB27E806EC001DA0F1 /* Build configuration list for PBXProject "MidtermCSC416" */;
			compatibilityVersion = "Xcode 13.0";
			developmentRegion = en;
			hasScannedForEncodings = 0;
			knownRegions = (
				en,
				Base,
			);
			mainGroup = AA43CCC727E806EC001DA0F1;
			productRefGroup = AA43CCD127E806EC001DA0F1 /* Products */;
			projectDirPath = "";
			projectRoot = "";
			targets = (
				AA43CCCF27E806EC001DA0F1 /* MidtermCSC416 */,
			);
		};
/* End PBXProject section */

/* Begin PBXResourcesBuildPhase section */
		AA43CCCE27E806EC001DA0F1 /* Resources */ = {
			isa = PBXResourcesBuildPhase;
			buildActionMask = 2147483647;
			files = (
				AA43CCDB27E806EE001DA0F1 /* Preview Assets.xcassets in Resources */,
				AA43CCD827E806EE001DA0F1 /* Assets.xcassets in Resources */,
				AA9D37B027F2092A00BC156B /* Splash.storyboard in Resources */,
			);
			runOnlyForDeploymentPostprocessing = 0;
		};
/* End PBXResourcesBuildPhase section */

/* Begin PBXSourcesBuildPhase section */
		AA43CCCC27E806EC001DA0F1 /* Sources */ = {
			isa = PBXSourcesBuildPhase;
			buildActionMask = 2147483647;
			files = (
				AA43CCD627E806EC001DA0F1 /* ContentView.swift in Sources */,
				AA43CCD427E806EC001DA0F1 /* MidtermCSC416App.swift in Sources */,
				AA43CCE827E8128A001DA0F1 /* CoreDataManager.swift in Sources */,
				AA43CCE527E80F29001DA0F1 /* SimpleToDoModel.xcdatamodeld in Sources */,
			);
			runOnlyForDeploymentPostprocessing = 0;
		};
/* End PBXSourcesBuildPhase section */

/* Begin XCBuildConfiguration section */
		AA43CCDC27E806EE001DA0F1 /* Debug */ = {
			isa = XCBuildConfiguration;
			buildSettings = {
				ALWAYS_SEARCH_USER_PATHS = NO;
				CLANG_ANALYZER_NONNULL = YES;
				CLANG_ANALYZER_NUMBER_OBJECT_CONVERSION = YES_AGGRESSIVE;
				CLANG_CXX_LANGUAGE_STANDARD = "gnu++17";
				CLANG_CXX_LIBRARY = "libc++";
				CLANG_ENABLE_MODULES = YES;
				CLANG_ENABLE_OBJC_ARC = YES;
				CLANG_ENABLE_OBJC_WEAK = YES;
				CLANG_WARN_BLOCK_CAPTURE_AUTORELEASING = YES;
				CLANG_WARN_BOOL_CONVERSION = YES;
				CLANG_WARN_COMMA = YES;
				CLANG_WARN_CONSTANT_CONVERSION = YES;
				CLANG_WARN_DEPRECATED_OBJC_IMPLEMENTATIONS = YES;
				CLANG_WARN_DIRECT_OBJC_ISA_USAGE = YES_ERROR;
				CLANG_WARN_DOCUMENTATION_COMMENTS = YES;
				CLANG_WARN_EMPTY_BODY = YES;
				CLANG_WARN_ENUM_CONVERSION = YES;
				CLANG_WARN_INFINITE_RECURSION = YES;
				CLANG_WARN_INT_CONVERSION = YES;
				CLANG_WARN_NON_LITERAL_NULL_CONVERSION = YES;
				CLANG_WARN_OBJC_IMPLICIT_RETAIN_SELF = YES;
				CLANG_WARN_OBJC_LITERAL_CONVERSION = YES;
				CLANG_WARN_OBJC_ROOT_CLASS = YES_ERROR;
				CLANG_WARN_QUOTED_INCLUDE_IN_FRAMEWORK_HEADER = YES;
				CLANG_WARN_RANGE_LOOP_ANALYSIS = YES;
				CLANG_WARN_STRICT_PROTOTYPES = YES;
				CLANG_WARN_SUSPICIOUS_MOVE = YES;
				CLANG_WARN_UNGUARDED_AVAILABILITY = YES_AGGRESSIVE;
				CLANG_WARN_UNREACHABLE_CODE = YES;
				CLANG_WARN__DUPLICATE_METHOD_MATCH = YES;
				COPY_PHASE_STRIP = NO;
				DEBUG_INFORMATION_FORMAT = dwarf;
				ENABLE_STRICT_OBJC_MSGSEND = YES;
				ENABLE_TESTABILITY = YES;
				GCC_C_LANGUAGE_STANDARD = gnu11;
				GCC_DYNAMIC_NO_PIC = NO;
				GCC_NO_COMMON_BLOCKS = YES;
				GCC_OPTIMIZATION_LEVEL = 0;
				GCC_PREPROCESSOR_DEFINITIONS = (
					"DEBUG=1",
					"$(inherited)",
				);
				GCC_WARN_64_TO_32_BIT_CONVERSION = YES;
				GCC_WARN_ABOUT_RETURN_TYPE = YES_ERROR;
				GCC_WARN_UNDECLARED_SELECTOR = YES;
				GCC_WARN_UNINITIALIZED_AUTOS = YES_AGGRESSIVE;
				GCC_WARN_UNUSED_FUNCTION = YES;
				GCC_WARN_UNUSED_VARIABLE = YES;
				IPHONEOS_DEPLOYMENT_TARGET = 15.2;
				MTL_ENABLE_DEBUG_INFO = INCLUDE_SOURCE;
				MTL_FAST_MATH = YES;
				ONLY_ACTIVE_ARCH = YES;
				SDKROOT = iphoneos;
				SWIFT_ACTIVE_COMPILATION_CONDITIONS = DEBUG;
				SWIFT_OPTIMIZATION_LEVEL = "-Onone";
			};
			name = Debug;
		};
		AA43CCDD27E806EE001DA0F1 /* Release */ = {
			isa = XCBuildConfiguration;
			buildSettings = {
				ALWAYS_SEARCH_USER_PATHS = NO;
				CLANG_ANALYZER_NONNULL = YES;
				CLANG_ANALYZER_NUMBER_OBJECT_CONVERSION = YES_AGGRESSIVE;
				CLANG_CXX_LANGUAGE_STANDARD = "gnu++17";
				CLANG_CXX_LIBRARY = "libc++";
				CLANG_ENABLE_MODULES = YES;
				CLANG_ENABLE_OBJC_ARC = YES;
				CLANG_ENABLE_OBJC_WEAK = YES;
				CLANG_WARN_BLOCK_CAPTURE_AUTORELEASING = YES;
				CLANG_WARN_BOOL_CONVERSION = YES;
				CLANG_WARN_COMMA = YES;
				CLANG_WARN_CONSTANT_CONVERSION = YES;
				CLANG_WARN_DEPRECATED_OBJC_IMPLEMENTATIONS = YES;
				CLANG_WARN_DIRECT_OBJC_ISA_USAGE = YES_ERROR;
				CLANG_WARN_DOCUMENTATION_COMMENTS = YES;
				CLANG_WARN_EMPTY_BODY = YES;
				CLANG_WARN_ENUM_CONVERSION = YES;
				CLANG_WARN_INFINITE_RECURSION = YES;
				CLANG_WARN_INT_CONVERSION = YES;
				CLANG_WARN_NON_LITERAL_NULL_CONVERSION = YES;
				CLANG_WARN_OBJC_IMPLICIT_RETAIN_SELF = YES;
				CLANG_WARN_OBJC_LITERAL_CONVERSION = YES;
				CLANG_WARN_OBJC_ROOT_CLASS = YES_ERROR;
				CLANG_WARN_QUOTED_INCLUDE_IN_FRAMEWORK_HEADER = YES;
				CLANG_WARN_RANGE_LOOP_ANALYSIS = YES;
				CLANG_WARN_STRICT_PROTOTYPES = YES;
				CLANG_WARN_SUSPICIOUS_MOVE = YES;
				CLANG_WARN_UNGUARDED_AVAILABILITY = YES_AGGRESSIVE;
				CLANG_WARN_UNREACHABLE_CODE = YES;
				CLANG_WARN__DUPLICATE_METHOD_MATCH = YES;
				COPY_PHASE_STRIP = NO;
				DEBUG_INFORMATION_FORMAT = "dwarf-with-dsym";
				ENABLE_NS_ASSERTIONS = NO;
				ENABLE_STRICT_OBJC_MSGSEND = YES;
				GCC_C_LANGUAGE_STANDARD = gnu11;
				GCC_NO_COMMON_BLOCKS = YES;
				GCC_WARN_64_TO_32_BIT_CONVERSION = YES;
				GCC_WARN_ABOUT_RETURN_TYPE = YES_ERROR;
				GCC_WARN_UNDECLARED_SELECTOR = YES;
				GCC_WARN_UNINITIALIZED_AUTOS = YES_AGGRESSIVE;
				GCC_WARN_UNUSED_FUNCTION = YES;
				GCC_WARN_UNUSED_VARIABLE = YES;
				IPHONEOS_DEPLOYMENT_TARGET = 15.2;
				MTL_ENABLE_DEBUG_INFO = NO;
				MTL_FAST_MATH = YES;
				SDKROOT = iphoneos;
				SWIFT_COMPILATION_MODE = wholemodule;
				SWIFT_OPTIMIZATION_LEVEL = "-O";
				VALIDATE_PRODUCT = YES;
			};
			name = Release;
		};
		AA43CCDF27E806EE001DA0F1 /* Debug */ = {
			isa = XCBuildConfiguration;
			buildSettings = {
				ASSETCATALOG_COMPILER_APPICON_NAME = AppIcon;
				ASSETCATALOG_COMPILER_GLOBAL_ACCENT_COLOR_NAME = AccentColor;
				CODE_SIGN_STYLE = Automatic;
				CURRENT_PROJECT_VERSION = 1;
				DEVELOPMENT_ASSET_PATHS = "\"MidtermCSC416/Preview Content\"";
				DEVELOPMENT_TEAM = U3PKV3V89N;
				ENABLE_PREVIEWS = YES;
				GENERATE_INFOPLIST_FILE = YES;
				INFOPLIST_KEY_UIApplicationSceneManifest_Generation = YES;
				INFOPLIST_KEY_UIApplicationSupportsIndirectInputEvents = YES;
				INFOPLIST_KEY_UILaunchScreen_Generation = YES;
				INFOPLIST_KEY_UILaunchStoryboardName = Splash;
				INFOPLIST_KEY_UISupportedInterfaceOrientations = UIInterfaceOrientationPortrait;
				INFOPLIST_KEY_UISupportedInterfaceOrientations_iPad = "UIInterfaceOrientationPortrait UIInterfaceOrientationPortraitUpsideDown UIInterfaceOrientationLandscapeLeft UIInterfaceOrientationLandscapeRight";
				INFOPLIST_KEY_UISupportedInterfaceOrientations_iPhone = "UIInterfaceOrientationPortrait UIInterfaceOrientationLandscapeLeft UIInterfaceOrientationLandscapeRight";
				LD_RUNPATH_SEARCH_PATHS = (
					"$(inherited)",
					"@executable_path/Frameworks",
				);
				MARKETING_VERSION = 1.1;
				PRODUCT_BUNDLE_IDENTIFIER = com.ethanennis.MidtermCSC416;
				PRODUCT_NAME = Reminds;
				SWIFT_EMIT_LOC_STRINGS = YES;
				SWIFT_VERSION = 5.0;
				TARGETED_DEVICE_FAMILY = "1,2";
			};
			name = Debug;
		};
		AA43CCE027E806EE001DA0F1 /* Release */ = {
			isa = XCBuildConfiguration;
			buildSettings = {
				ASSETCATALOG_COMPILER_APPICON_NAME = AppIcon;
				ASSETCATALOG_COMPILER_GLOBAL_ACCENT_COLOR_NAME = AccentColor;
				CODE_SIGN_STYLE = Automatic;
				CURRENT_PROJECT_VERSION = 1;
				DEVELOPMENT_ASSET_PATHS = "\"MidtermCSC416/Preview Content\"";
				DEVELOPMENT_TEAM = U3PKV3V89N;
				ENABLE_PREVIEWS = YES;
				GENERATE_INFOPLIST_FILE = YES;
				INFOPLIST_KEY_UIApplicationSceneManifest_Generation = YES;
				INFOPLIST_KEY_UIApplicationSupportsIndirectInputEvents = YES;
				INFOPLIST_KEY_UILaunchScreen_Generation = YES;
				INFOPLIST_KEY_UILaunchStoryboardName = Splash;
				INFOPLIST_KEY_UISupportedInterfaceOrientations = UIInterfaceOrientationPortrait;
				INFOPLIST_KEY_UISupportedInterfaceOrientations_iPad = "UIInterfaceOrientationPortrait UIInterfaceOrientationPortraitUpsideDown UIInterfaceOrientationLandscapeLeft UIInterfaceOrientationLandscapeRight";
				INFOPLIST_KEY_UISupportedInterfaceOrientations_iPhone = "UIInterfaceOrientationPortrait UIInterfaceOrientationLandscapeLeft UIInterfaceOrientationLandscapeRight";
				LD_RUNPATH_SEARCH_PATHS = (
					"$(inherited)",
					"@executable_path/Frameworks",
				);
				MARKETING_VERSION = 1.1;
				PRODUCT_BUNDLE_IDENTIFIER = com.ethanennis.MidtermCSC416;
				PRODUCT_NAME = Reminds;
				SWIFT_EMIT_LOC_STRINGS = YES;
				SWIFT_VERSION = 5.0;
				TARGETED_DEVICE_FAMILY = "1,2";
			};
			name = Release;
		};
/* End XCBuildConfiguration section */

/* Begin XCConfigurationList section */
		AA43CCCB27E806EC001DA0F1 /* Build configuration list for PBXProject "MidtermCSC416" */ = {
			isa = XCConfigurationList;
			buildConfigurations = (
				AA43CCDC27E806EE001DA0F1 /* Debug */,
				AA43CCDD27E806EE001DA0F1 /* Release */,
			);
			defaultConfigurationIsVisible = 0;
			defaultConfigurationName = Release;
		};
		AA43CCDE27E806EE001DA0F1 /* Build configuration list for PBXNativeTarget "MidtermCSC416" */ = {
			isa = XCConfigurationList;
			buildConfigurations = (
				AA43CCDF27E806EE001DA0F1 /* Debug */,
				AA43CCE027E806EE001DA0F1 /* Release */,
			);
			defaultConfigurationIsVisible = 0;
			defaultConfigurationName = Release;
		};
/* End XCConfigurationList section */

/* Begin XCVersionGroup section */
		AA43CCE327E80F29001DA0F1 /* SimpleToDoModel.xcdatamodeld */ = {
			isa = XCVersionGroup;
			children = (
				AA43CCE427E80F29001DA0F1 /* SimpleToDoModel.xcdatamodel */,
			);
			currentVersion = AA43CCE427E80F29001DA0F1 /* SimpleToDoModel.xcdatamodel */;
			path = SimpleToDoModel.xcdatamodeld;
			sourceTree = "<group>";
			versionGroupType = wrapper.xcdatamodel;
		};
/* End XCVersionGroup section */
	};
	rootObject = AA43CCC827E806EC001DA0F1 /* Project object */;
}
